// !$*UTF8*$!
{
	archiveVersion = 1;
	classes = {
	};
	objectVersion = 56;
	objects = {

/* Begin PBXBuildFile section */
		AF05DFF22BE28C7D005625E0 /* SettingView.swift in Sources */ = {isa = PBXBuildFile; fileRef = AF62BD442BE0DDF700A88EDE /* SettingView.swift */; };
		AF05DFF32BE28C7D005625E0 /* WordInfo.swift in Sources */ = {isa = PBXBuildFile; fileRef = CD37DF002BE0D7E700F7CB39 /* WordInfo.swift */; };
		AF05DFF42BE28C7D005625E0 /* WordManager.swift in Sources */ = {isa = PBXBuildFile; fileRef = CD37DF012BE0D7E700F7CB39 /* WordManager.swift */; };
		AF9552DB2BE1D09F0019A124 /* correct.wav in Resources */ = {isa = PBXBuildFile; fileRef = AF9552D82BE1D09B0019A124 /* correct.wav */; };
		AF9552DC2BE1D09F0019A124 /* error.wav in Resources */ = {isa = PBXBuildFile; fileRef = AF9552D92BE1D09B0019A124 /* error.wav */; };
		AF9552DD2BE1D09F0019A124 /* background.wav in Resources */ = {isa = PBXBuildFile; fileRef = AF9552DA2BE1D09F0019A124 /* background.wav */; };
		AFB5BF0B2BE3D7A80005932D /* SettingViewModel.swift in Sources */ = {isa = PBXBuildFile; fileRef = AFB5BF0A2BE3D7A80005932D /* SettingViewModel.swift */; };
		AFB5BF0E2BE3DC530005932D /* FirebaseFirestore in Frameworks */ = {isa = PBXBuildFile; productRef = AFB5BF0D2BE3DC530005932D /* FirebaseFirestore */; };
		AFB5BF102BE3DC530005932D /* FirebaseFirestoreSwift in Frameworks */ = {isa = PBXBuildFile; productRef = AFB5BF0F2BE3DC530005932D /* FirebaseFirestoreSwift */; };
		AFB5BF122BE3DCCD0005932D /* FirebaseAuth in Frameworks */ = {isa = PBXBuildFile; productRef = AFB5BF112BE3DCCD0005932D /* FirebaseAuth */; };
		AFBC3A342BE0D5E700CE7542 /* Assets.xcassets in Resources */ = {isa = PBXBuildFile; fileRef = AFBC3A332BE0D5E700CE7542 /* Assets.xcassets */; };
		AFBC3A372BE0D5E700CE7542 /* Preview Assets.xcassets in Resources */ = {isa = PBXBuildFile; fileRef = AFBC3A362BE0D5E700CE7542 /* Preview Assets.xcassets */; };
		BFD6A8E02BE207E10009BFE2 /* ContentView.swift in Sources */ = {isa = PBXBuildFile; fileRef = BFD6A8DF2BE207E10009BFE2 /* ContentView.swift */; };
		BFD6A8E12BE209CF0009BFE2 /* Launch Screen.swift in Sources */ = {isa = PBXBuildFile; fileRef = BF755ADD2BE1D792007DD8AE /* Launch Screen.swift */; };
		BFD6A8E22BE209E10009BFE2 /* EngAttackApp.swift in Sources */ = {isa = PBXBuildFile; fileRef = BF36CBE32BE118E90089D070 /* EngAttackApp.swift */; };
		CD37DEFC2BE0D7E100F7CB39 /* ContentViewViewModel.swift in Sources */ = {isa = PBXBuildFile; fileRef = CD37DEF82BE0D7E000F7CB39 /* ContentViewViewModel.swift */; };
		CD37DEFF2BE0D7E100F7CB39 /* BookmarksView.swift in Sources */ = {isa = PBXBuildFile; fileRef = CD37DEFB2BE0D7E100F7CB39 /* BookmarksView.swift */; };
		CDA4363C2BE28E9B0047E2C0 /* WordDictionaryView.swift in Sources */ = {isa = PBXBuildFile; fileRef = CDA436392BE28E9B0047E2C0 /* WordDictionaryView.swift */; };
		CDA4363D2BE28E9B0047E2C0 /* WordBookmarkView.swift in Sources */ = {isa = PBXBuildFile; fileRef = CDA4363A2BE28E9B0047E2C0 /* WordBookmarkView.swift */; };
		CDA4363E2BE28E9B0047E2C0 /* WordDictionaryViewModel.swift in Sources */ = {isa = PBXBuildFile; fileRef = CDA4363B2BE28E9B0047E2C0 /* WordDictionaryViewModel.swift */; };
		CDC208812BE3AFA200105E63 /* AuthenticationManager.swift in Sources */ = {isa = PBXBuildFile; fileRef = CDC2087B2BE3AFA200105E63 /* AuthenticationManager.swift */; };
		CDC208822BE3AFA200105E63 /* Field.swift in Sources */ = {isa = PBXBuildFile; fileRef = CDC2087C2BE3AFA200105E63 /* Field.swift */; };
		CDC208832BE3AFA200105E63 /* SignInView.swift in Sources */ = {isa = PBXBuildFile; fileRef = CDC2087D2BE3AFA200105E63 /* SignInView.swift */; };
		CDC208842BE3AFA200105E63 /* SignUpView.swift in Sources */ = {isa = PBXBuildFile; fileRef = CDC2087E2BE3AFA200105E63 /* SignUpView.swift */; };
		CDC208852BE3AFA200105E63 /* SignViewModel.swift in Sources */ = {isa = PBXBuildFile; fileRef = CDC2087F2BE3AFA200105E63 /* SignViewModel.swift */; };
		CDC208872BE3AFC500105E63 /* RootView.swift in Sources */ = {isa = PBXBuildFile; fileRef = CDC208862BE3AFC500105E63 /* RootView.swift */; };
		F7A022AD2BE4691D00F3FCD5 /* CountDownView.swift in Sources */ = {isa = PBXBuildFile; fileRef = F7A022AC2BE4691D00F3FCD5 /* CountDownView.swift */; };
		F7A23E562BE1DB7E00A044BD /* TabViewSetting.swift in Sources */ = {isa = PBXBuildFile; fileRef = F7A23E552BE1DB7E00A044BD /* TabViewSetting.swift */; };
		F7A23E582BE1DE1200A044BD /* RankingView.swift in Sources */ = {isa = PBXBuildFile; fileRef = F7A23E572BE1DE1200A044BD /* RankingView.swift */; };
		F7A23E5C2BE1DF8500A044BD /* SOYO Maple Bold.otf in Resources */ = {isa = PBXBuildFile; fileRef = F7A23E592BE1DF8500A044BD /* SOYO Maple Bold.otf */; };
		F7A23E5D2BE1DF8500A044BD /* SOYO Maple Regular.otf in Resources */ = {isa = PBXBuildFile; fileRef = F7A23E5A2BE1DF8500A044BD /* SOYO Maple Regular.otf */; };
		F7F07C852BE0DF96009A75A9 /* GameStartView.swift in Sources */ = {isa = PBXBuildFile; fileRef = F7F07C842BE0DF96009A75A9 /* GameStartView.swift */; };
		F7F07C872BE0E12C009A75A9 /* DictionaryView.swift in Sources */ = {isa = PBXBuildFile; fileRef = F7F07C862BE0E12C009A75A9 /* DictionaryView.swift */; };
/* End PBXBuildFile section */

/* Begin PBXFileReference section */
		AF62BD442BE0DDF700A88EDE /* SettingView.swift */ = {isa = PBXFileReference; lastKnownFileType = sourcecode.swift; path = SettingView.swift; sourceTree = "<group>"; };
		AF9552D82BE1D09B0019A124 /* correct.wav */ = {isa = PBXFileReference; lastKnownFileType = audio.wav; path = correct.wav; sourceTree = "<group>"; };
		AF9552D92BE1D09B0019A124 /* error.wav */ = {isa = PBXFileReference; lastKnownFileType = audio.wav; path = error.wav; sourceTree = "<group>"; };
		AF9552DA2BE1D09F0019A124 /* background.wav */ = {isa = PBXFileReference; lastKnownFileType = audio.wav; path = background.wav; sourceTree = "<group>"; };
		AFB5BF0A2BE3D7A80005932D /* SettingViewModel.swift */ = {isa = PBXFileReference; lastKnownFileType = sourcecode.swift; path = SettingViewModel.swift; sourceTree = "<group>"; };
		AFBC3A2C2BE0D5E500CE7542 /* EngAttack.app */ = {isa = PBXFileReference; explicitFileType = wrapper.application; includeInIndex = 0; path = EngAttack.app; sourceTree = BUILT_PRODUCTS_DIR; };
		AFBC3A332BE0D5E700CE7542 /* Assets.xcassets */ = {isa = PBXFileReference; lastKnownFileType = folder.assetcatalog; path = Assets.xcassets; sourceTree = "<group>"; };
		AFBC3A362BE0D5E700CE7542 /* Preview Assets.xcassets */ = {isa = PBXFileReference; lastKnownFileType = folder.assetcatalog; path = "Preview Assets.xcassets"; sourceTree = "<group>"; };
		BF36CBE32BE118E90089D070 /* EngAttackApp.swift */ = {isa = PBXFileReference; fileEncoding = 4; lastKnownFileType = sourcecode.swift; path = EngAttackApp.swift; sourceTree = "<group>"; };
		BF755ADD2BE1D792007DD8AE /* Launch Screen.swift */ = {isa = PBXFileReference; lastKnownFileType = sourcecode.swift; path = "Launch Screen.swift"; sourceTree = "<group>"; };
		BFD6A8DF2BE207E10009BFE2 /* ContentView.swift */ = {isa = PBXFileReference; fileEncoding = 4; lastKnownFileType = sourcecode.swift; path = ContentView.swift; sourceTree = "<group>"; };
		CD37DEF82BE0D7E000F7CB39 /* ContentViewViewModel.swift */ = {isa = PBXFileReference; fileEncoding = 4; lastKnownFileType = sourcecode.swift; path = ContentViewViewModel.swift; sourceTree = "<group>"; };
		CD37DEFB2BE0D7E100F7CB39 /* BookmarksView.swift */ = {isa = PBXFileReference; fileEncoding = 4; lastKnownFileType = sourcecode.swift; path = BookmarksView.swift; sourceTree = "<group>"; };
		CD37DF002BE0D7E700F7CB39 /* WordInfo.swift */ = {isa = PBXFileReference; fileEncoding = 4; lastKnownFileType = sourcecode.swift; path = WordInfo.swift; sourceTree = "<group>"; };
		CD37DF012BE0D7E700F7CB39 /* WordManager.swift */ = {isa = PBXFileReference; fileEncoding = 4; lastKnownFileType = sourcecode.swift; path = WordManager.swift; sourceTree = "<group>"; };
		CDA436392BE28E9B0047E2C0 /* WordDictionaryView.swift */ = {isa = PBXFileReference; fileEncoding = 4; lastKnownFileType = sourcecode.swift; path = WordDictionaryView.swift; sourceTree = "<group>"; };
		CDA4363A2BE28E9B0047E2C0 /* WordBookmarkView.swift */ = {isa = PBXFileReference; fileEncoding = 4; lastKnownFileType = sourcecode.swift; path = WordBookmarkView.swift; sourceTree = "<group>"; };
		CDA4363B2BE28E9B0047E2C0 /* WordDictionaryViewModel.swift */ = {isa = PBXFileReference; fileEncoding = 4; lastKnownFileType = sourcecode.swift; path = WordDictionaryViewModel.swift; sourceTree = "<group>"; };
		CDC2087B2BE3AFA200105E63 /* AuthenticationManager.swift */ = {isa = PBXFileReference; fileEncoding = 4; lastKnownFileType = sourcecode.swift; path = AuthenticationManager.swift; sourceTree = "<group>"; };
		CDC2087C2BE3AFA200105E63 /* Field.swift */ = {isa = PBXFileReference; fileEncoding = 4; lastKnownFileType = sourcecode.swift; path = Field.swift; sourceTree = "<group>"; };
		CDC2087D2BE3AFA200105E63 /* SignInView.swift */ = {isa = PBXFileReference; fileEncoding = 4; lastKnownFileType = sourcecode.swift; path = SignInView.swift; sourceTree = "<group>"; };
		CDC2087E2BE3AFA200105E63 /* SignUpView.swift */ = {isa = PBXFileReference; fileEncoding = 4; lastKnownFileType = sourcecode.swift; path = SignUpView.swift; sourceTree = "<group>"; };
		CDC2087F2BE3AFA200105E63 /* SignViewModel.swift */ = {isa = PBXFileReference; fileEncoding = 4; lastKnownFileType = sourcecode.swift; path = SignViewModel.swift; sourceTree = "<group>"; };
		CDC208862BE3AFC500105E63 /* RootView.swift */ = {isa = PBXFileReference; fileEncoding = 4; lastKnownFileType = sourcecode.swift; path = RootView.swift; sourceTree = "<group>"; };
		F7A022AC2BE4691D00F3FCD5 /* CountDownView.swift */ = {isa = PBXFileReference; fileEncoding = 4; lastKnownFileType = sourcecode.swift; path = CountDownView.swift; sourceTree = "<group>"; };
		F7A23E552BE1DB7E00A044BD /* TabViewSetting.swift */ = {isa = PBXFileReference; lastKnownFileType = sourcecode.swift; path = TabViewSetting.swift; sourceTree = "<group>"; };
		F7A23E572BE1DE1200A044BD /* RankingView.swift */ = {isa = PBXFileReference; lastKnownFileType = sourcecode.swift; path = RankingView.swift; sourceTree = "<group>"; };
		F7A23E592BE1DF8500A044BD /* SOYO Maple Bold.otf */ = {isa = PBXFileReference; lastKnownFileType = file; path = "SOYO Maple Bold.otf"; sourceTree = "<group>"; };
		F7A23E5A2BE1DF8500A044BD /* SOYO Maple Regular.otf */ = {isa = PBXFileReference; lastKnownFileType = file; path = "SOYO Maple Regular.otf"; sourceTree = "<group>"; };
		F7F07C842BE0DF96009A75A9 /* GameStartView.swift */ = {isa = PBXFileReference; lastKnownFileType = sourcecode.swift; path = GameStartView.swift; sourceTree = "<group>"; };
		F7F07C862BE0E12C009A75A9 /* DictionaryView.swift */ = {isa = PBXFileReference; lastKnownFileType = sourcecode.swift; path = DictionaryView.swift; sourceTree = "<group>"; };
/* End PBXFileReference section */

/* Begin PBXFrameworksBuildPhase section */
		AFBC3A292BE0D5E400CE7542 /* Frameworks */ = {
			isa = PBXFrameworksBuildPhase;
			buildActionMask = 2147483647;
			files = (
				AFB5BF0E2BE3DC530005932D /* FirebaseFirestore in Frameworks */,
				AFB5BF122BE3DCCD0005932D /* FirebaseAuth in Frameworks */,
				AFB5BF102BE3DC530005932D /* FirebaseFirestoreSwift in Frameworks */,
			);
			runOnlyForDeploymentPostprocessing = 0;
		};
/* End PBXFrameworksBuildPhase section */

/* Begin PBXGroup section */
		AF9552D72BE1D08E0019A124 /* Sounds */ = {
			isa = PBXGroup;
			children = (
				AF9552DA2BE1D09F0019A124 /* background.wav */,
				AF9552D82BE1D09B0019A124 /* correct.wav */,
				AF9552D92BE1D09B0019A124 /* error.wav */,
			);
			path = Sounds;
			sourceTree = "<group>";
		};
		AFBC3A232BE0D5E400CE7542 = {
			isa = PBXGroup;
			children = (
				AFBC3A2E2BE0D5E500CE7542 /* EngAttack */,
				AFBC3A2D2BE0D5E500CE7542 /* Products */,
			);
			sourceTree = "<group>";
		};
		AFBC3A2D2BE0D5E500CE7542 /* Products */ = {
			isa = PBXGroup;
			children = (
				AFBC3A2C2BE0D5E500CE7542 /* EngAttack.app */,
			);
			name = Products;
			sourceTree = "<group>";
		};
		AFBC3A2E2BE0D5E500CE7542 /* EngAttack */ = {
			isa = PBXGroup;
			children = (
				AFBC3A332BE0D5E700CE7542 /* Assets.xcassets */,
				AF9552D72BE1D08E0019A124 /* Sounds */,
				F7A23E552BE1DB7E00A044BD /* TabViewSetting.swift */,
				F7A23E572BE1DE1200A044BD /* RankingView.swift */,
				F7F07C842BE0DF96009A75A9 /* GameStartView.swift */,
				CD37DEF82BE0D7E000F7CB39 /* ContentViewViewModel.swift */,
				BFD6A8DF2BE207E10009BFE2 /* ContentView.swift */,
				CDC208862BE3AFC500105E63 /* RootView.swift */,
				F7A022AC2BE4691D00F3FCD5 /* CountDownView.swift */,
				BF755ADD2BE1D792007DD8AE /* Launch Screen.swift */,
				BF36CBE32BE118E90089D070 /* EngAttackApp.swift */,
				AF62BD442BE0DDF700A88EDE /* SettingView.swift */,
				AFB5BF0A2BE3D7A80005932D /* SettingViewModel.swift */,
				CDC208802BE3AFA200105E63 /* Sign */,
				BF0C51612BE325D700A10946 /* Dictionary */,
				BF0C51602BE325A600A10946 /* Bookmark */,
				BF0C51622BE32E2500A10946 /* WordInfo */,
				F7A23E5B2BE1DF8500A044BD /* _소요단풍체 OTF */,
				AFBC3A352BE0D5E700CE7542 /* Preview Content */,
			);
			path = EngAttack;
			sourceTree = "<group>";
		};
		AFBC3A352BE0D5E700CE7542 /* Preview Content */ = {
			isa = PBXGroup;
			children = (
				AFBC3A362BE0D5E700CE7542 /* Preview Assets.xcassets */,
			);
			path = "Preview Content";
			sourceTree = "<group>";
		};
		BF0C51602BE325A600A10946 /* Bookmark */ = {
			isa = PBXGroup;
			children = (
				CDA4363A2BE28E9B0047E2C0 /* WordBookmarkView.swift */,
				CD37DEFB2BE0D7E100F7CB39 /* BookmarksView.swift */,
			);
			path = Bookmark;
			sourceTree = "<group>";
		};
		BF0C51612BE325D700A10946 /* Dictionary */ = {
			isa = PBXGroup;
			children = (
				F7F07C862BE0E12C009A75A9 /* DictionaryView.swift */,
				CDA436392BE28E9B0047E2C0 /* WordDictionaryView.swift */,
				CDA4363B2BE28E9B0047E2C0 /* WordDictionaryViewModel.swift */,
			);
			path = Dictionary;
			sourceTree = "<group>";
		};
		BF0C51622BE32E2500A10946 /* WordInfo */ = {
			isa = PBXGroup;
			children = (
				CD37DF002BE0D7E700F7CB39 /* WordInfo.swift */,
				CD37DF012BE0D7E700F7CB39 /* WordManager.swift */,
			);
			path = WordInfo;
			sourceTree = "<group>";
		};
		CDC208802BE3AFA200105E63 /* Sign */ = {
			isa = PBXGroup;
			children = (
				CDC2087B2BE3AFA200105E63 /* AuthenticationManager.swift */,
				CDC2087C2BE3AFA200105E63 /* Field.swift */,
				CDC2087D2BE3AFA200105E63 /* SignInView.swift */,
				CDC2087E2BE3AFA200105E63 /* SignUpView.swift */,
				CDC2087F2BE3AFA200105E63 /* SignViewModel.swift */,
			);
			path = Sign;
			sourceTree = "<group>";
		};
		F7A23E5B2BE1DF8500A044BD /* _소요단풍체 OTF */ = {
			isa = PBXGroup;
			children = (
				F7A23E592BE1DF8500A044BD /* SOYO Maple Bold.otf */,
				F7A23E5A2BE1DF8500A044BD /* SOYO Maple Regular.otf */,
			);
			path = "_소요단풍체 OTF";
			sourceTree = "<group>";
		};
/* End PBXGroup section */

/* Begin PBXNativeTarget section */
		AFBC3A2B2BE0D5E400CE7542 /* EngAttack */ = {
			isa = PBXNativeTarget;
			buildConfigurationList = AFBC3A3A2BE0D5E700CE7542 /* Build configuration list for PBXNativeTarget "EngAttack" */;
			buildPhases = (
				AFBC3A282BE0D5E400CE7542 /* Sources */,
				AFBC3A292BE0D5E400CE7542 /* Frameworks */,
				AFBC3A2A2BE0D5E400CE7542 /* Resources */,
			);
			buildRules = (
			);
			dependencies = (
			);
			name = EngAttack;
			packageProductDependencies = (
				AFB5BF0D2BE3DC530005932D /* FirebaseFirestore */,
				AFB5BF0F2BE3DC530005932D /* FirebaseFirestoreSwift */,
				AFB5BF112BE3DCCD0005932D /* FirebaseAuth */,
			);
			productName = EngAttack;
			productReference = AFBC3A2C2BE0D5E500CE7542 /* EngAttack.app */;
			productType = "com.apple.product-type.application";
		};
/* End PBXNativeTarget section */

/* Begin PBXProject section */
		AFBC3A242BE0D5E400CE7542 /* Project object */ = {
			isa = PBXProject;
			attributes = {
				BuildIndependentTargetsInParallel = 1;
				LastSwiftUpdateCheck = 1530;
				LastUpgradeCheck = 1530;
				TargetAttributes = {
					AFBC3A2B2BE0D5E400CE7542 = {
						CreatedOnToolsVersion = 15.3;
					};
				};
			};
			buildConfigurationList = AFBC3A272BE0D5E400CE7542 /* Build configuration list for PBXProject "EngAttack" */;
			compatibilityVersion = "Xcode 14.0";
			developmentRegion = en;
			hasScannedForEncodings = 0;
			knownRegions = (
				en,
				Base,
			);
			mainGroup = AFBC3A232BE0D5E400CE7542;
			packageReferences = (
				AFB5BF0C2BE3DC530005932D /* XCRemoteSwiftPackageReference "firebase-ios-sdk" */,
			);
			productRefGroup = AFBC3A2D2BE0D5E500CE7542 /* Products */;
			projectDirPath = "";
			projectRoot = "";
			targets = (
				AFBC3A2B2BE0D5E400CE7542 /* EngAttack */,
			);
		};
/* End PBXProject section */

/* Begin PBXResourcesBuildPhase section */
		AFBC3A2A2BE0D5E400CE7542 /* Resources */ = {
			isa = PBXResourcesBuildPhase;
			buildActionMask = 2147483647;
			files = (
				F7A23E5D2BE1DF8500A044BD /* SOYO Maple Regular.otf in Resources */,
				F7A23E5C2BE1DF8500A044BD /* SOYO Maple Bold.otf in Resources */,
				AFBC3A372BE0D5E700CE7542 /* Preview Assets.xcassets in Resources */,
				AF9552DD2BE1D09F0019A124 /* background.wav in Resources */,
				AFBC3A342BE0D5E700CE7542 /* Assets.xcassets in Resources */,
				AF9552DB2BE1D09F0019A124 /* correct.wav in Resources */,
				AF9552DC2BE1D09F0019A124 /* error.wav in Resources */,
			);
			runOnlyForDeploymentPostprocessing = 0;
		};
/* End PBXResourcesBuildPhase section */

/* Begin PBXSourcesBuildPhase section */
		AFBC3A282BE0D5E400CE7542 /* Sources */ = {
			isa = PBXSourcesBuildPhase;
			buildActionMask = 2147483647;
			files = (
				AF05DFF22BE28C7D005625E0 /* SettingView.swift in Sources */,
				F7A022AD2BE4691D00F3FCD5 /* CountDownView.swift in Sources */,
				AF05DFF32BE28C7D005625E0 /* WordInfo.swift in Sources */,
				AF05DFF42BE28C7D005625E0 /* WordManager.swift in Sources */,
				CDC208812BE3AFA200105E63 /* AuthenticationManager.swift in Sources */,
				BFD6A8E12BE209CF0009BFE2 /* Launch Screen.swift in Sources */,
				CDA4363E2BE28E9B0047E2C0 /* WordDictionaryViewModel.swift in Sources */,
				AFB5BF0B2BE3D7A80005932D /* SettingViewModel.swift in Sources */,
				BFD6A8E02BE207E10009BFE2 /* ContentView.swift in Sources */,
				CDC208872BE3AFC500105E63 /* RootView.swift in Sources */,
				CDC208852BE3AFA200105E63 /* SignViewModel.swift in Sources */,
				BFD6A8E22BE209E10009BFE2 /* EngAttackApp.swift in Sources */,
				CDC208822BE3AFA200105E63 /* Field.swift in Sources */,
				CDA4363D2BE28E9B0047E2C0 /* WordBookmarkView.swift in Sources */,
				F7A23E582BE1DE1200A044BD /* RankingView.swift in Sources */,
				CDA4363C2BE28E9B0047E2C0 /* WordDictionaryView.swift in Sources */,
				F7A23E562BE1DB7E00A044BD /* TabViewSetting.swift in Sources */,
				CDC208832BE3AFA200105E63 /* SignInView.swift in Sources */,
				CDC208842BE3AFA200105E63 /* SignUpView.swift in Sources */,
				F7F07C852BE0DF96009A75A9 /* GameStartView.swift in Sources */,
				F7F07C872BE0E12C009A75A9 /* DictionaryView.swift in Sources */,
				CD37DEFF2BE0D7E100F7CB39 /* BookmarksView.swift in Sources */,
				CD37DEFC2BE0D7E100F7CB39 /* ContentViewViewModel.swift in Sources */,
			);
			runOnlyForDeploymentPostprocessing = 0;
		};
/* End PBXSourcesBuildPhase section */

/* Begin XCBuildConfiguration section */
		AFBC3A382BE0D5E700CE7542 /* Debug */ = {
			isa = XCBuildConfiguration;
			buildSettings = {
				ALWAYS_SEARCH_USER_PATHS = NO;
				ASSETCATALOG_COMPILER_GENERATE_SWIFT_ASSET_SYMBOL_EXTENSIONS = YES;
				CLANG_ANALYZER_NONNULL = YES;
				CLANG_ANALYZER_NUMBER_OBJECT_CONVERSION = YES_AGGRESSIVE;
				CLANG_CXX_LANGUAGE_STANDARD = "gnu++20";
				CLANG_ENABLE_MODULES = YES;
				CLANG_ENABLE_OBJC_ARC = YES;
				CLANG_ENABLE_OBJC_WEAK = YES;
				CLANG_WARN_BLOCK_CAPTURE_AUTORELEASING = YES;
				CLANG_WARN_BOOL_CONVERSION = YES;
				CLANG_WARN_COMMA = YES;
				CLANG_WARN_CONSTANT_CONVERSION = YES;
				CLANG_WARN_DEPRECATED_OBJC_IMPLEMENTATIONS = YES;
				CLANG_WARN_DIRECT_OBJC_ISA_USAGE = YES_ERROR;
				CLANG_WARN_DOCUMENTATION_COMMENTS = YES;
				CLANG_WARN_EMPTY_BODY = YES;
				CLANG_WARN_ENUM_CONVERSION = YES;
				CLANG_WARN_INFINITE_RECURSION = YES;
				CLANG_WARN_INT_CONVERSION = YES;
				CLANG_WARN_NON_LITERAL_NULL_CONVERSION = YES;
				CLANG_WARN_OBJC_IMPLICIT_RETAIN_SELF = YES;
				CLANG_WARN_OBJC_LITERAL_CONVERSION = YES;
				CLANG_WARN_OBJC_ROOT_CLASS = YES_ERROR;
				CLANG_WARN_QUOTED_INCLUDE_IN_FRAMEWORK_HEADER = YES;
				CLANG_WARN_RANGE_LOOP_ANALYSIS = YES;
				CLANG_WARN_STRICT_PROTOTYPES = YES;
				CLANG_WARN_SUSPICIOUS_MOVE = YES;
				CLANG_WARN_UNGUARDED_AVAILABILITY = YES_AGGRESSIVE;
				CLANG_WARN_UNREACHABLE_CODE = YES;
				CLANG_WARN__DUPLICATE_METHOD_MATCH = YES;
				COPY_PHASE_STRIP = NO;
				DEBUG_INFORMATION_FORMAT = dwarf;
				ENABLE_STRICT_OBJC_MSGSEND = YES;
				ENABLE_TESTABILITY = YES;
				ENABLE_USER_SCRIPT_SANDBOXING = YES;
				GCC_C_LANGUAGE_STANDARD = gnu17;
				GCC_DYNAMIC_NO_PIC = NO;
				GCC_NO_COMMON_BLOCKS = YES;
				GCC_OPTIMIZATION_LEVEL = 0;
				GCC_PREPROCESSOR_DEFINITIONS = (
					"DEBUG=1",
					"$(inherited)",
				);
				GCC_WARN_64_TO_32_BIT_CONVERSION = YES;
				GCC_WARN_ABOUT_RETURN_TYPE = YES_ERROR;
				GCC_WARN_UNDECLARED_SELECTOR = YES;
				GCC_WARN_UNINITIALIZED_AUTOS = YES_AGGRESSIVE;
				GCC_WARN_UNUSED_FUNCTION = YES;
				GCC_WARN_UNUSED_VARIABLE = YES;
				IPHONEOS_DEPLOYMENT_TARGET = 17.4;
				LOCALIZATION_PREFERS_STRING_CATALOGS = YES;
				MTL_ENABLE_DEBUG_INFO = INCLUDE_SOURCE;
				MTL_FAST_MATH = YES;
				ONLY_ACTIVE_ARCH = YES;
				SDKROOT = iphoneos;
				SWIFT_ACTIVE_COMPILATION_CONDITIONS = "DEBUG $(inherited)";
				SWIFT_OPTIMIZATION_LEVEL = "-Onone";
			};
			name = Debug;
		};
		AFBC3A392BE0D5E700CE7542 /* Release */ = {
			isa = XCBuildConfiguration;
			buildSettings = {
				ALWAYS_SEARCH_USER_PATHS = NO;
				ASSETCATALOG_COMPILER_GENERATE_SWIFT_ASSET_SYMBOL_EXTENSIONS = YES;
				CLANG_ANALYZER_NONNULL = YES;
				CLANG_ANALYZER_NUMBER_OBJECT_CONVERSION = YES_AGGRESSIVE;
				CLANG_CXX_LANGUAGE_STANDARD = "gnu++20";
				CLANG_ENABLE_MODULES = YES;
				CLANG_ENABLE_OBJC_ARC = YES;
				CLANG_ENABLE_OBJC_WEAK = YES;
				CLANG_WARN_BLOCK_CAPTURE_AUTORELEASING = YES;
				CLANG_WARN_BOOL_CONVERSION = YES;
				CLANG_WARN_COMMA = YES;
				CLANG_WARN_CONSTANT_CONVERSION = YES;
				CLANG_WARN_DEPRECATED_OBJC_IMPLEMENTATIONS = YES;
				CLANG_WARN_DIRECT_OBJC_ISA_USAGE = YES_ERROR;
				CLANG_WARN_DOCUMENTATION_COMMENTS = YES;
				CLANG_WARN_EMPTY_BODY = YES;
				CLANG_WARN_ENUM_CONVERSION = YES;
				CLANG_WARN_INFINITE_RECURSION = YES;
				CLANG_WARN_INT_CONVERSION = YES;
				CLANG_WARN_NON_LITERAL_NULL_CONVERSION = YES;
				CLANG_WARN_OBJC_IMPLICIT_RETAIN_SELF = YES;
				CLANG_WARN_OBJC_LITERAL_CONVERSION = YES;
				CLANG_WARN_OBJC_ROOT_CLASS = YES_ERROR;
				CLANG_WARN_QUOTED_INCLUDE_IN_FRAMEWORK_HEADER = YES;
				CLANG_WARN_RANGE_LOOP_ANALYSIS = YES;
				CLANG_WARN_STRICT_PROTOTYPES = YES;
				CLANG_WARN_SUSPICIOUS_MOVE = YES;
				CLANG_WARN_UNGUARDED_AVAILABILITY = YES_AGGRESSIVE;
				CLANG_WARN_UNREACHABLE_CODE = YES;
				CLANG_WARN__DUPLICATE_METHOD_MATCH = YES;
				COPY_PHASE_STRIP = NO;
				DEBUG_INFORMATION_FORMAT = "dwarf-with-dsym";
				ENABLE_NS_ASSERTIONS = NO;
				ENABLE_STRICT_OBJC_MSGSEND = YES;
				ENABLE_USER_SCRIPT_SANDBOXING = YES;
				GCC_C_LANGUAGE_STANDARD = gnu17;
				GCC_NO_COMMON_BLOCKS = YES;
				GCC_WARN_64_TO_32_BIT_CONVERSION = YES;
				GCC_WARN_ABOUT_RETURN_TYPE = YES_ERROR;
				GCC_WARN_UNDECLARED_SELECTOR = YES;
				GCC_WARN_UNINITIALIZED_AUTOS = YES_AGGRESSIVE;
				GCC_WARN_UNUSED_FUNCTION = YES;
				GCC_WARN_UNUSED_VARIABLE = YES;
				IPHONEOS_DEPLOYMENT_TARGET = 17.4;
				LOCALIZATION_PREFERS_STRING_CATALOGS = YES;
				MTL_ENABLE_DEBUG_INFO = NO;
				MTL_FAST_MATH = YES;
				SDKROOT = iphoneos;
				SWIFT_COMPILATION_MODE = wholemodule;
				VALIDATE_PRODUCT = YES;
			};
			name = Release;
		};
		AFBC3A3B2BE0D5E700CE7542 /* Debug */ = {
			isa = XCBuildConfiguration;
			buildSettings = {
				ASSETCATALOG_COMPILER_APPICON_NAME = AppIcon;
				ASSETCATALOG_COMPILER_GLOBAL_ACCENT_COLOR_NAME = AccentColor;
				CODE_SIGN_STYLE = Automatic;
				CURRENT_PROJECT_VERSION = 1;
				DEVELOPMENT_ASSET_PATHS = "\"EngAttack/Preview Content\"";
				ENABLE_PREVIEWS = YES;
				GENERATE_INFOPLIST_FILE = YES;
				INFOPLIST_FILE = EngAttack/Info.plist;
				INFOPLIST_KEY_UIApplicationSceneManifest_Generation = YES;
				INFOPLIST_KEY_UIApplicationSupportsIndirectInputEvents = YES;
				INFOPLIST_KEY_UILaunchScreen_Generation = YES;
				INFOPLIST_KEY_UILaunchStoryboardName = "Launch Screen.storyboard";
				INFOPLIST_KEY_UISupportedInterfaceOrientations = UIInterfaceOrientationPortrait;
				INFOPLIST_KEY_UISupportedInterfaceOrientations_iPad = "UIInterfaceOrientationPortrait UIInterfaceOrientationPortraitUpsideDown UIInterfaceOrientationLandscapeLeft UIInterfaceOrientationLandscapeRight";
				INFOPLIST_KEY_UISupportedInterfaceOrientations_iPhone = "UIInterfaceOrientationPortrait UIInterfaceOrientationLandscapeLeft UIInterfaceOrientationLandscapeRight";
				IPHONEOS_DEPLOYMENT_TARGET = 17.4;
				LD_RUNPATH_SEARCH_PATHS = (
					"$(inherited)",
					"@executable_path/Frameworks",
				);
				MARKETING_VERSION = 1.0;
				PRODUCT_BUNDLE_IDENTIFIER = kr.co.sherlock.EngAttack;
				PRODUCT_NAME = "$(TARGET_NAME)";
				SWIFT_EMIT_LOC_STRINGS = YES;
				SWIFT_VERSION = 5.0;
				TARGETED_DEVICE_FAMILY = "1,2";
			};
			name = Debug;
		};
		AFBC3A3C2BE0D5E700CE7542 /* Release */ = {
			isa = XCBuildConfiguration;
			buildSettings = {
				ASSETCATALOG_COMPILER_APPICON_NAME = AppIcon;
				ASSETCATALOG_COMPILER_GLOBAL_ACCENT_COLOR_NAME = AccentColor;
				CODE_SIGN_STYLE = Automatic;
				CURRENT_PROJECT_VERSION = 1;
				DEVELOPMENT_ASSET_PATHS = "\"EngAttack/Preview Content\"";
				ENABLE_PREVIEWS = YES;
				GENERATE_INFOPLIST_FILE = YES;
				INFOPLIST_FILE = EngAttack/Info.plist;
				INFOPLIST_KEY_UIApplicationSceneManifest_Generation = YES;
				INFOPLIST_KEY_UIApplicationSupportsIndirectInputEvents = YES;
				INFOPLIST_KEY_UILaunchScreen_Generation = YES;
				INFOPLIST_KEY_UILaunchStoryboardName = "Launch Screen.storyboard";
				INFOPLIST_KEY_UISupportedInterfaceOrientations = UIInterfaceOrientationPortrait;
				INFOPLIST_KEY_UISupportedInterfaceOrientations_iPad = "UIInterfaceOrientationPortrait UIInterfaceOrientationPortraitUpsideDown UIInterfaceOrientationLandscapeLeft UIInterfaceOrientationLandscapeRight";
				INFOPLIST_KEY_UISupportedInterfaceOrientations_iPhone = "UIInterfaceOrientationPortrait UIInterfaceOrientationLandscapeLeft UIInterfaceOrientationLandscapeRight";
				IPHONEOS_DEPLOYMENT_TARGET = 17.4;
				LD_RUNPATH_SEARCH_PATHS = (
					"$(inherited)",
					"@executable_path/Frameworks",
				);
				MARKETING_VERSION = 1.0;
				PRODUCT_BUNDLE_IDENTIFIER = kr.co.sherlock.EngAttack;
				PRODUCT_NAME = "$(TARGET_NAME)";
				SWIFT_EMIT_LOC_STRINGS = YES;
				SWIFT_VERSION = 5.0;
				TARGETED_DEVICE_FAMILY = "1,2";
			};
			name = Release;
		};
/* End XCBuildConfiguration section */

/* Begin XCConfigurationList section */
		AFBC3A272BE0D5E400CE7542 /* Build configuration list for PBXProject "EngAttack" */ = {
			isa = XCConfigurationList;
			buildConfigurations = (
				AFBC3A382BE0D5E700CE7542 /* Debug */,
				AFBC3A392BE0D5E700CE7542 /* Release */,
			);
			defaultConfigurationIsVisible = 0;
			defaultConfigurationName = Release;
		};
		AFBC3A3A2BE0D5E700CE7542 /* Build configuration list for PBXNativeTarget "EngAttack" */ = {
			isa = XCConfigurationList;
			buildConfigurations = (
				AFBC3A3B2BE0D5E700CE7542 /* Debug */,
				AFBC3A3C2BE0D5E700CE7542 /* Release */,
			);
			defaultConfigurationIsVisible = 0;
			defaultConfigurationName = Release;
		};
/* End XCConfigurationList section */

/* Begin XCRemoteSwiftPackageReference section */
		AFB5BF0C2BE3DC530005932D /* XCRemoteSwiftPackageReference "firebase-ios-sdk" */ = {
			isa = XCRemoteSwiftPackageReference;
			repositoryURL = "https://github.com/firebase/firebase-ios-sdk.git";
			requirement = {
				kind = upToNextMajorVersion;
				minimumVersion = 10.25.0;
			};
		};
/* End XCRemoteSwiftPackageReference section */

/* Begin XCSwiftPackageProductDependency section */
		AFB5BF0D2BE3DC530005932D /* FirebaseFirestore */ = {
			isa = XCSwiftPackageProductDependency;
			package = AFB5BF0C2BE3DC530005932D /* XCRemoteSwiftPackageReference "firebase-ios-sdk" */;
			productName = FirebaseFirestore;
		};
		AFB5BF0F2BE3DC530005932D /* FirebaseFirestoreSwift */ = {
			isa = XCSwiftPackageProductDependency;
			package = AFB5BF0C2BE3DC530005932D /* XCRemoteSwiftPackageReference "firebase-ios-sdk" */;
			productName = FirebaseFirestoreSwift;
		};
		AFB5BF112BE3DCCD0005932D /* FirebaseAuth */ = {
			isa = XCSwiftPackageProductDependency;
			package = AFB5BF0C2BE3DC530005932D /* XCRemoteSwiftPackageReference "firebase-ios-sdk" */;
			productName = FirebaseAuth;
		};
/* End XCSwiftPackageProductDependency section */
	};
	rootObject = AFBC3A242BE0D5E400CE7542 /* Project object */;
}
